{
  "name": "theme-park-planner",
  "version": "1.0.0",
  "lockfileVersion": 3,
  "requires": true,
  "packages": {
    "": {
      "name": "theme-park-planner",
      "version": "1.0.0",
      "devDependencies": {
        "inkjs": "^2.2.3"
      }
    },
    "node_modules/inkjs": {
      "version": "2.2.3",
      "resolved": "https://registry.npmjs.org/inkjs/-/inkjs-2.2.3.tgz",
      "integrity": "sha512-WLvjBEeyMpg6MlgFdkyyJhdU5upAXdBGeWV2Utc+B+jQaEHD8P3osE9ZunvEACs+43rwRWLNwdQkcvXZnB3zMw==",
      "dev": true,
      "license": "MIT"
    }
  }
}
